PODS:
  - GRMustache (6.8.3):
    - JRSwizzle (~> 1.0)
  - HockeySDK (3.5.0)
  - iOS-htmltopdf (0.0.2)
  - JRSwizzle (1.0)
  - NYXImagesKit (2.3)
  - PEPhotoCropEditor (1.2.1)
  - UITableView-NXEmptyView (0.1.4)

DEPENDENCIES:
  - GRMustache
  - HockeySDK
  - iOS-htmltopdf (from `https://raw.github.com/martinjuhasz/iOS-htmltopdf/master/iOS-htmltopdf.podspec`)
  - NYXImagesKit
  - PEPhotoCropEditor (from `https://raw.github.com/martinjuhasz/PEPhotoCropEditor/master/PEPhotoCropEditor.podspec`)
  - UITableView-NXEmptyView

EXTERNAL SOURCES:
  iOS-htmltopdf:
    :podspec: https://raw.github.com/martinjuhasz/iOS-htmltopdf/master/iOS-htmltopdf.podspec
  PEPhotoCropEditor:
    :podspec: https://raw.github.com/martinjuhasz/PEPhotoCropEditor/master/PEPhotoCropEditor.podspec

SPEC CHECKSUMS:
  GRMustache: 90fc77ae45a5b8b5a4cf13874cae811461a1c930
  HockeySDK: 685e6ca0b78668ef8b595fba17fe087ea6074b05
  iOS-htmltopdf: 690a3a27b668065211329002522209903b5c66c4
  JRSwizzle: 6242ff38485d870fc2636899048ee1ab883ae587
  NYXImagesKit: bdcd82ed61e55ad95a2e95675c2f6b84f039c423
  PEPhotoCropEditor: a412a037992dd785fdc6281442c24f5722eb387f
  UITableView-NXEmptyView: 034e5162ce7b8e3584d720d0d925c27ea7711220

COCOAPODS: 0.29.0
