PODS:
  - BlocksKit (2.2.2):
    - BlocksKit/All
  - BlocksKit/All (2.2.2):
    - BlocksKit/Core
    - BlocksKit/DynamicDelegate
    - BlocksKit/MessageUI
    - BlocksKit/UIKit
  - BlocksKit/Core (2.2.2)
  - BlocksKit/DynamicDelegate (2.2.2)
  - BlocksKit/MessageUI (2.2.2):
    - BlocksKit/Core
    - BlocksKit/DynamicDelegate
  - BlocksKit/UIKit (2.2.2):
    - BlocksKit/Core
    - BlocksKit/DynamicDelegate
  - GRMustache (6.8.4):
    - JRSwizzle (~> 1.0)
  - HockeySDK (3.5.4)
  - iOS-htmltopdf (0.0.2)
  - JRSwizzle (1.0)
  - NYXImagesKit (2.3)
  - PEPhotoCropEditor (1.2.1)
  - UITableView-NXEmptyView (0.1.5)

DEPENDENCIES:
  - BlocksKit
  - GRMustache (~> 6.8.3)
  - HockeySDK
  - iOS-htmltopdf (from `https://raw.github.com/martinjuhasz/iOS-htmltopdf/master/iOS-htmltopdf.podspec`)
  - NYXImagesKit
  - PEPhotoCropEditor (from `https://raw.github.com/martinjuhasz/PEPhotoCropEditor/master/PEPhotoCropEditor.podspec`)
  - UITableView-NXEmptyView

EXTERNAL SOURCES:
  iOS-htmltopdf:
    :podspec: https://raw.github.com/martinjuhasz/iOS-htmltopdf/master/iOS-htmltopdf.podspec
  PEPhotoCropEditor:
    :podspec: https://raw.github.com/martinjuhasz/PEPhotoCropEditor/master/PEPhotoCropEditor.podspec

SPEC CHECKSUMS:
  BlocksKit: 125e4e69a62e3b85bacc5175737dae000b00b9fb
  GRMustache: 7b2520d67b6373484c8b2c08b9788af90a461d61
  HockeySDK: aa28abb106de7804d31acf515f2c9aa4e6481fd0
  iOS-htmltopdf: 690a3a27b668065211329002522209903b5c66c4
  JRSwizzle: 6242ff38485d870fc2636899048ee1ab883ae587
  NYXImagesKit: bdcd82ed61e55ad95a2e95675c2f6b84f039c423
  PEPhotoCropEditor: a412a037992dd785fdc6281442c24f5722eb387f
  UITableView-NXEmptyView: 7d5238a79357f58b6a2b486f45a5915635824941

COCOAPODS: 0.29.0
