// !$*UTF8*$!
{
	archiveVersion = 1;
	classes = {
	};
	objectVersion = 46;
	objects = {

/* Begin PBXBuildFile section */
		73D5A0CDC3A84B54BA3F734C /* libPods.a in Frameworks */ = {isa = PBXBuildFile; fileRef = 679E4CF310DC401DBC52D6AA /* libPods.a */; };
		7A018B181855E5CD004E5657 /* MJUSpacedTableViewCell.m in Sources */ = {isa = PBXBuildFile; fileRef = 7A018B171855E5CD004E5657 /* MJUSpacedTableViewCell.m */; };
		7A018B1B18560747004E5657 /* MJUTableHeaderView.m in Sources */ = {isa = PBXBuildFile; fileRef = 7A018B1A18560747004E5657 /* MJUTableHeaderView.m */; };
		7A195C4C183E086C00E2F944 /* MJUPDFGenerator.m in Sources */ = {isa = PBXBuildFile; fileRef = 7A195C4B183E086C00E2F944 /* MJUPDFGenerator.m */; };
		7A22303D18CC8D9900E11035 /* MJUTextInputCell.m in Sources */ = {isa = PBXBuildFile; fileRef = 7A22303C18CC8D9900E11035 /* MJUTextInputCell.m */; };
		7A22304018CC925500E11035 /* MJUEditSectionsViewController.m in Sources */ = {isa = PBXBuildFile; fileRef = 7A22303F18CC925500E11035 /* MJUEditSectionsViewController.m */; };
		7A22304318CC97B000E11035 /* MJUEditQuestionsViewController.m in Sources */ = {isa = PBXBuildFile; fileRef = 7A22304218CC97B000E11035 /* MJUEditQuestionsViewController.m */; };
		7A3639BC1827CB1C00B7307B /* MJUSceneViewController.m in Sources */ = {isa = PBXBuildFile; fileRef = 7A3639BB1827CB1C00B7307B /* MJUSceneViewController.m */; };
		7A3639BE1827D72E00B7307B /* QuickLook.framework in Frameworks */ = {isa = PBXBuildFile; fileRef = 7A3639BD1827D72E00B7307B /* QuickLook.framework */; };
		7A3F916B186338410019D1E0 /* MJUPDFImageURLProtocol.m in Sources */ = {isa = PBXBuildFile; fileRef = 7A3F916A186338410019D1E0 /* MJUPDFImageURLProtocol.m */; };
		7A3F916D18633BF40019D1E0 /* image1.png in Resources */ = {isa = PBXBuildFile; fileRef = 7A3F916C18633BF40019D1E0 /* image1.png */; };
		7A41CF46183B68180059B727 /* UILabel+Additions.m in Sources */ = {isa = PBXBuildFile; fileRef = 7A41CF45183B68180059B727 /* UILabel+Additions.m */; };
		7A435863182CEE4200534588 /* MJUProjectsTableViewController.m in Sources */ = {isa = PBXBuildFile; fileRef = 7A435862182CEE4200534588 /* MJUProjectsTableViewController.m */; };
		7A435866182CF40300534588 /* MJUScenesTableViewController.m in Sources */ = {isa = PBXBuildFile; fileRef = 7A435865182CF40300534588 /* MJUScenesTableViewController.m */; };
		7A524374185B6B1A0055D40A /* MJUImagePickerController.m in Sources */ = {isa = PBXBuildFile; fileRef = 7A524373185B6B1A0055D40A /* MJUImagePickerController.m */; };
		7A62B68C18252C1000A2C1B2 /* Foundation.framework in Frameworks */ = {isa = PBXBuildFile; fileRef = 7A62B68B18252C1000A2C1B2 /* Foundation.framework */; };
		7A62B68E18252C1000A2C1B2 /* CoreGraphics.framework in Frameworks */ = {isa = PBXBuildFile; fileRef = 7A62B68D18252C1000A2C1B2 /* CoreGraphics.framework */; };
		7A62B69018252C1000A2C1B2 /* UIKit.framework in Frameworks */ = {isa = PBXBuildFile; fileRef = 7A62B68F18252C1000A2C1B2 /* UIKit.framework */; };
		7A62B69218252C1000A2C1B2 /* CoreData.framework in Frameworks */ = {isa = PBXBuildFile; fileRef = 7A62B69118252C1000A2C1B2 /* CoreData.framework */; };
		7A62B69818252C1000A2C1B2 /* InfoPlist.strings in Resources */ = {isa = PBXBuildFile; fileRef = 7A62B69618252C1000A2C1B2 /* InfoPlist.strings */; };
		7A62B69A18252C1000A2C1B2 /* main.m in Sources */ = {isa = PBXBuildFile; fileRef = 7A62B69918252C1000A2C1B2 /* main.m */; };
		7A62B69E18252C1000A2C1B2 /* MJUAppDelegate.m in Sources */ = {isa = PBXBuildFile; fileRef = 7A62B69D18252C1000A2C1B2 /* MJUAppDelegate.m */; };
		7A62B6A118252C1000A2C1B2 /* Main_iPhone.storyboard in Resources */ = {isa = PBXBuildFile; fileRef = 7A62B69F18252C1000A2C1B2 /* Main_iPhone.storyboard */; };
		7A62B6A418252C1000A2C1B2 /* Main_iPad.storyboard in Resources */ = {isa = PBXBuildFile; fileRef = 7A62B6A218252C1000A2C1B2 /* Main_iPad.storyboard */; };
		7A62B6A718252C1000A2C1B2 /* Storyboard.xcdatamodeld in Sources */ = {isa = PBXBuildFile; fileRef = 7A62B6A518252C1000A2C1B2 /* Storyboard.xcdatamodeld */; };
		7A62B6B618252C1000A2C1B2 /* XCTest.framework in Frameworks */ = {isa = PBXBuildFile; fileRef = 7A62B6B518252C1000A2C1B2 /* XCTest.framework */; };
		7A62B6B718252C1000A2C1B2 /* Foundation.framework in Frameworks */ = {isa = PBXBuildFile; fileRef = 7A62B68B18252C1000A2C1B2 /* Foundation.framework */; };
		7A62B6B818252C1000A2C1B2 /* UIKit.framework in Frameworks */ = {isa = PBXBuildFile; fileRef = 7A62B68F18252C1000A2C1B2 /* UIKit.framework */; };
		7A62B6B918252C1000A2C1B2 /* CoreData.framework in Frameworks */ = {isa = PBXBuildFile; fileRef = 7A62B69118252C1000A2C1B2 /* CoreData.framework */; };
		7A62B6C118252C1000A2C1B2 /* InfoPlist.strings in Resources */ = {isa = PBXBuildFile; fileRef = 7A62B6BF18252C1000A2C1B2 /* InfoPlist.strings */; };
		7A62B6C318252C1000A2C1B2 /* StoryboardTests.m in Sources */ = {isa = PBXBuildFile; fileRef = 7A62B6C218252C1000A2C1B2 /* StoryboardTests.m */; };
		7A62B6D2182539CC00A2C1B2 /* MJUProjectsDataModel.m in Sources */ = {isa = PBXBuildFile; fileRef = 7A62B6D1182539CC00A2C1B2 /* MJUProjectsDataModel.m */; };
		7A62B6D618253EA500A2C1B2 /* MJUProject.m in Sources */ = {isa = PBXBuildFile; fileRef = 7A62B6D518253EA500A2C1B2 /* MJUProject.m */; };
		7A68C04D18264DCD004EABD9 /* MJUProjectViewController.m in Sources */ = {isa = PBXBuildFile; fileRef = 7A68C04C18264DCD004EABD9 /* MJUProjectViewController.m */; };
		7A68C05A18265F70004EABD9 /* MJUSceneImage.m in Sources */ = {isa = PBXBuildFile; fileRef = 7A68C05918265F70004EABD9 /* MJUSceneImage.m */; };
		7A68C05D18265F71004EABD9 /* MJUScene.m in Sources */ = {isa = PBXBuildFile; fileRef = 7A68C05C18265F71004EABD9 /* MJUScene.m */; };
		7A7BE10318CDB654001DFC72 /* MJUTextAnswer.m in Sources */ = {isa = PBXBuildFile; fileRef = 7A7BE10218CDB654001DFC72 /* MJUTextAnswer.m */; };
		7A7BE10618CDB655001DFC72 /* MJUSelectableAnswer.m in Sources */ = {isa = PBXBuildFile; fileRef = 7A7BE10518CDB655001DFC72 /* MJUSelectableAnswer.m */; };
		7A7BE10918CDB655001DFC72 /* MJUAnswer.m in Sources */ = {isa = PBXBuildFile; fileRef = 7A7BE10818CDB655001DFC72 /* MJUAnswer.m */; };
		7A7BE10C18CDB655001DFC72 /* MJUTextQuestion.m in Sources */ = {isa = PBXBuildFile; fileRef = 7A7BE10B18CDB655001DFC72 /* MJUTextQuestion.m */; };
		7A7BE10F18CDB655001DFC72 /* MJUSelectableQuestion.m in Sources */ = {isa = PBXBuildFile; fileRef = 7A7BE10E18CDB655001DFC72 /* MJUSelectableQuestion.m */; };
		7A7BE11218CDB655001DFC72 /* MJUQuestion.m in Sources */ = {isa = PBXBuildFile; fileRef = 7A7BE11118CDB655001DFC72 /* MJUQuestion.m */; };
		7A7BE11518CDB655001DFC72 /* MJUSelectable.m in Sources */ = {isa = PBXBuildFile; fileRef = 7A7BE11418CDB655001DFC72 /* MJUSelectable.m */; };
		7A7BE11818CDC51A001DFC72 /* MJUEditSelectionViewController.m in Sources */ = {isa = PBXBuildFile; fileRef = 7A7BE11718CDC51A001DFC72 /* MJUEditSelectionViewController.m */; };
		7A835F26188041AA002A30AD /* Localizable.strings in Resources */ = {isa = PBXBuildFile; fileRef = 7A835F24188041A7002A30AD /* Localizable.strings */; };
		7A9520271834CFC9002EC307 /* MJUHelper.m in Sources */ = {isa = PBXBuildFile; fileRef = 7A9520261834CFC9002EC307 /* MJUHelper.m */; };
		7A95202A1834D5F3002EC307 /* UIColor+Additions.m in Sources */ = {isa = PBXBuildFile; fileRef = 7A9520291834D5F3002EC307 /* UIColor+Additions.m */; };
		7A95202D1834D927002EC307 /* UITableView+Additions.m in Sources */ = {isa = PBXBuildFile; fileRef = 7A95202C1834D927002EC307 /* UITableView+Additions.m */; };
		7A9520321834E52D002EC307 /* MJUProjectCell.m in Sources */ = {isa = PBXBuildFile; fileRef = 7A9520311834E52D002EC307 /* MJUProjectCell.m */; };
		7A95203718352B73002EC307 /* TimePickerView.xib in Resources */ = {isa = PBXBuildFile; fileRef = 7A95203618352B73002EC307 /* TimePickerView.xib */; };
		7A95203B18352C3E002EC307 /* MJUTimeSelectionView.m in Sources */ = {isa = PBXBuildFile; fileRef = 7A95203A18352C3E002EC307 /* MJUTimeSelectionView.m */; };
		7A9C9E96184DD894008B05C6 /* loading.html in Resources */ = {isa = PBXBuildFile; fileRef = 7A9C9E92184DD894008B05C6 /* loading.html */; };
		7A9C9E97184DD894008B05C6 /* wheel1.png in Resources */ = {isa = PBXBuildFile; fileRef = 7A9C9E93184DD894008B05C6 /* wheel1.png */; };
		7A9C9E98184DD894008B05C6 /* wheel2.png in Resources */ = {isa = PBXBuildFile; fileRef = 7A9C9E94184DD894008B05C6 /* wheel2.png */; };
		7A9C9E99184DD894008B05C6 /* wheel3.png in Resources */ = {isa = PBXBuildFile; fileRef = 7A9C9E95184DD894008B05C6 /* wheel3.png */; };
		7AA374EF184F3915007309B2 /* Images.xcassets in Resources */ = {isa = PBXBuildFile; fileRef = 7AA374EE184F3915007309B2 /* Images.xcassets */; };
		7AAD4D2D188941D60012D6A8 /* MJUEditCategoriesTableViewController.m in Sources */ = {isa = PBXBuildFile; fileRef = 7AAD4D2C188941D60012D6A8 /* MJUEditCategoriesTableViewController.m */; };
		7AAD4D36188948750012D6A8 /* MJUQuestionCategory.m in Sources */ = {isa = PBXBuildFile; fileRef = 7AAD4D35188948750012D6A8 /* MJUQuestionCategory.m */; };
		7AAD4D3C188948750012D6A8 /* MJUQuestionSection.m in Sources */ = {isa = PBXBuildFile; fileRef = 7AAD4D3B188948750012D6A8 /* MJUQuestionSection.m */; };
		7AAD4D4818894C570012D6A8 /* MJUTitleInputViewController.m in Sources */ = {isa = PBXBuildFile; fileRef = 7AAD4D4718894C570012D6A8 /* MJUTitleInputViewController.m */; };
		7AB63F9918312BDB009C3948 /* MJUSceneCell.m in Sources */ = {isa = PBXBuildFile; fileRef = 7AB63F9818312BDB009C3948 /* MJUSceneCell.m */; };
		7AB7B158185CB9C800BF9CEC /* MJUTextViewCell.m in Sources */ = {isa = PBXBuildFile; fileRef = 7AB7B157185CB9C800BF9CEC /* MJUTextViewCell.m */; };
		7ABEB95B18802CA500D92F20 /* Questions_Contact.plist in Resources */ = {isa = PBXBuildFile; fileRef = 7ABEB95D18802CA500D92F20 /* Questions_Contact.plist */; };
		7ABEB95F18802D4900D92F20 /* Questions_Parameter.plist in Resources */ = {isa = PBXBuildFile; fileRef = 7ABEB96118802D4900D92F20 /* Questions_Parameter.plist */; };
		7ABEB96318802E3D00D92F20 /* Questions_Organisation.plist in Resources */ = {isa = PBXBuildFile; fileRef = 7ABEB96518802E3D00D92F20 /* Questions_Organisation.plist */; };
		7ABEB96718802F3700D92F20 /* Questions_PostProduction.plist in Resources */ = {isa = PBXBuildFile; fileRef = 7ABEB96918802F3700D92F20 /* Questions_PostProduction.plist */; };
		7AC4A00F183788D10027BEAB /* MJUQuestionsViewController.m in Sources */ = {isa = PBXBuildFile; fileRef = 7AC4A00E183788D10027BEAB /* MJUQuestionsViewController.m */; };
		7AC4A0221837B4030027BEAB /* MJUQuestionCell.m in Sources */ = {isa = PBXBuildFile; fileRef = 7AC4A0211837B4030027BEAB /* MJUQuestionCell.m */; };
		7AC74CA7184CEEA50020BC23 /* dummyImage.jpg in Resources */ = {isa = PBXBuildFile; fileRef = 7AC74CA6184CEEA50020BC23 /* dummyImage.jpg */; };
		7AC869E318CF1AC4001F81AB /* MJUQuestionSelectionViewController.m in Sources */ = {isa = PBXBuildFile; fileRef = 7AC869E218CF1AC4001F81AB /* MJUQuestionSelectionViewController.m */; };
		7AC869E618CF246F001F81AB /* NSError+Additions.m in Sources */ = {isa = PBXBuildFile; fileRef = 7AC869E518CF246F001F81AB /* NSError+Additions.m */; };
		7AD16B52182FA0C600201465 /* MJUTextInputViewController.m in Sources */ = {isa = PBXBuildFile; fileRef = 7AD16B51182FA0C600201465 /* MJUTextInputViewController.m */; };
		7ADC3D52184CCD4600DABBE5 /* MJUPDFViewController.m in Sources */ = {isa = PBXBuildFile; fileRef = 7ADC3D51184CCD4600DABBE5 /* MJUPDFViewController.m */; };
		7AE48FAF184CE41200AA693E /* MessageUI.framework in Frameworks */ = {isa = PBXBuildFile; fileRef = 7AE48FAE184CE41200AA693E /* MessageUI.framework */; };
		7AE4CEF3185255DC00FCEF1C /* MJUSplitViewController.m in Sources */ = {isa = PBXBuildFile; fileRef = 7AE4CEF2185255DC00FCEF1C /* MJUSplitViewController.m */; };
		7AEEAAA018537403006038DB /* MJUTimePickerViewController.m in Sources */ = {isa = PBXBuildFile; fileRef = 7AEEAA9F18537403006038DB /* MJUTimePickerViewController.m */; };
		7AEFB699182D261800315686 /* MJUAddProjectViewController.m in Sources */ = {isa = PBXBuildFile; fileRef = 7AEFB698182D261800315686 /* MJUAddProjectViewController.m */; };
		7AEFB6A0182D2EF400315686 /* NSString+Additions.m in Sources */ = {isa = PBXBuildFile; fileRef = 7AEFB69F182D2EF400315686 /* NSString+Additions.m */; };
		7AF2210C1880483800AB6DF2 /* pdf_content.mustache in Resources */ = {isa = PBXBuildFile; fileRef = 7AF2210E1880483800AB6DF2 /* pdf_content.mustache */; };
		7AF372B6184E39890098C28D /* EmptyProjectView.xib in Resources */ = {isa = PBXBuildFile; fileRef = 7AF372B8184E39890098C28D /* EmptyProjectView.xib */; };
/* End PBXBuildFile section */

/* Begin PBXContainerItemProxy section */
		7A62B6BA18252C1000A2C1B2 /* PBXContainerItemProxy */ = {
			isa = PBXContainerItemProxy;
			containerPortal = 7A62B68018252C1000A2C1B2 /* Project object */;
			proxyType = 1;
			remoteGlobalIDString = 7A62B68718252C1000A2C1B2;
			remoteInfo = Storyboard;
		};
/* End PBXContainerItemProxy section */

/* Begin PBXFileReference section */
		679E4CF310DC401DBC52D6AA /* libPods.a */ = {isa = PBXFileReference; explicitFileType = archive.ar; includeInIndex = 0; path = libPods.a; sourceTree = BUILT_PRODUCTS_DIR; };
		7A018B161855E5CD004E5657 /* MJUSpacedTableViewCell.h */ = {isa = PBXFileReference; fileEncoding = 4; lastKnownFileType = sourcecode.c.h; path = MJUSpacedTableViewCell.h; sourceTree = "<group>"; };
		7A018B171855E5CD004E5657 /* MJUSpacedTableViewCell.m */ = {isa = PBXFileReference; fileEncoding = 4; lastKnownFileType = sourcecode.c.objc; path = MJUSpacedTableViewCell.m; sourceTree = "<group>"; };
		7A018B1918560747004E5657 /* MJUTableHeaderView.h */ = {isa = PBXFileReference; fileEncoding = 4; lastKnownFileType = sourcecode.c.h; path = MJUTableHeaderView.h; sourceTree = "<group>"; };
		7A018B1A18560747004E5657 /* MJUTableHeaderView.m */ = {isa = PBXFileReference; fileEncoding = 4; lastKnownFileType = sourcecode.c.objc; path = MJUTableHeaderView.m; sourceTree = "<group>"; };
		7A195C4A183E086C00E2F944 /* MJUPDFGenerator.h */ = {isa = PBXFileReference; fileEncoding = 4; lastKnownFileType = sourcecode.c.h; path = MJUPDFGenerator.h; sourceTree = "<group>"; };
		7A195C4B183E086C00E2F944 /* MJUPDFGenerator.m */ = {isa = PBXFileReference; fileEncoding = 4; lastKnownFileType = sourcecode.c.objc; path = MJUPDFGenerator.m; sourceTree = "<group>"; };
		7A22303B18CC8D9900E11035 /* MJUTextInputCell.h */ = {isa = PBXFileReference; fileEncoding = 4; lastKnownFileType = sourcecode.c.h; path = MJUTextInputCell.h; sourceTree = "<group>"; };
		7A22303C18CC8D9900E11035 /* MJUTextInputCell.m */ = {isa = PBXFileReference; fileEncoding = 4; lastKnownFileType = sourcecode.c.objc; path = MJUTextInputCell.m; sourceTree = "<group>"; };
		7A22303E18CC925500E11035 /* MJUEditSectionsViewController.h */ = {isa = PBXFileReference; fileEncoding = 4; lastKnownFileType = sourcecode.c.h; path = MJUEditSectionsViewController.h; sourceTree = "<group>"; };
		7A22303F18CC925500E11035 /* MJUEditSectionsViewController.m */ = {isa = PBXFileReference; fileEncoding = 4; lastKnownFileType = sourcecode.c.objc; path = MJUEditSectionsViewController.m; sourceTree = "<group>"; };
		7A22304118CC97B000E11035 /* MJUEditQuestionsViewController.h */ = {isa = PBXFileReference; fileEncoding = 4; lastKnownFileType = sourcecode.c.h; path = MJUEditQuestionsViewController.h; sourceTree = "<group>"; };
		7A22304218CC97B000E11035 /* MJUEditQuestionsViewController.m */ = {isa = PBXFileReference; fileEncoding = 4; lastKnownFileType = sourcecode.c.objc; path = MJUEditQuestionsViewController.m; sourceTree = "<group>"; };
		7A3639BA1827CB1C00B7307B /* MJUSceneViewController.h */ = {isa = PBXFileReference; fileEncoding = 4; lastKnownFileType = sourcecode.c.h; path = MJUSceneViewController.h; sourceTree = "<group>"; };
		7A3639BB1827CB1C00B7307B /* MJUSceneViewController.m */ = {isa = PBXFileReference; fileEncoding = 4; lastKnownFileType = sourcecode.c.objc; path = MJUSceneViewController.m; sourceTree = "<group>"; };
		7A3639BD1827D72E00B7307B /* QuickLook.framework */ = {isa = PBXFileReference; lastKnownFileType = wrapper.framework; name = QuickLook.framework; path = System/Library/Frameworks/QuickLook.framework; sourceTree = SDKROOT; };
		7A3F9169186338410019D1E0 /* MJUPDFImageURLProtocol.h */ = {isa = PBXFileReference; fileEncoding = 4; lastKnownFileType = sourcecode.c.h; path = MJUPDFImageURLProtocol.h; sourceTree = "<group>"; };
		7A3F916A186338410019D1E0 /* MJUPDFImageURLProtocol.m */ = {isa = PBXFileReference; fileEncoding = 4; lastKnownFileType = sourcecode.c.objc; path = MJUPDFImageURLProtocol.m; sourceTree = "<group>"; };
		7A3F916C18633BF40019D1E0 /* image1.png */ = {isa = PBXFileReference; lastKnownFileType = image.png; path = image1.png; sourceTree = "<group>"; };
		7A41CF44183B68180059B727 /* UILabel+Additions.h */ = {isa = PBXFileReference; fileEncoding = 4; lastKnownFileType = sourcecode.c.h; path = "UILabel+Additions.h"; sourceTree = "<group>"; };
		7A41CF45183B68180059B727 /* UILabel+Additions.m */ = {isa = PBXFileReference; fileEncoding = 4; lastKnownFileType = sourcecode.c.objc; path = "UILabel+Additions.m"; sourceTree = "<group>"; };
		7A435861182CEE4200534588 /* MJUProjectsTableViewController.h */ = {isa = PBXFileReference; fileEncoding = 4; lastKnownFileType = sourcecode.c.h; path = MJUProjectsTableViewController.h; sourceTree = "<group>"; };
		7A435862182CEE4200534588 /* MJUProjectsTableViewController.m */ = {isa = PBXFileReference; fileEncoding = 4; lastKnownFileType = sourcecode.c.objc; path = MJUProjectsTableViewController.m; sourceTree = "<group>"; };
		7A435864182CF40300534588 /* MJUScenesTableViewController.h */ = {isa = PBXFileReference; fileEncoding = 4; lastKnownFileType = sourcecode.c.h; path = MJUScenesTableViewController.h; sourceTree = "<group>"; };
		7A435865182CF40300534588 /* MJUScenesTableViewController.m */ = {isa = PBXFileReference; fileEncoding = 4; lastKnownFileType = sourcecode.c.objc; path = MJUScenesTableViewController.m; sourceTree = "<group>"; };
		7A524372185B6B1A0055D40A /* MJUImagePickerController.h */ = {isa = PBXFileReference; fileEncoding = 4; lastKnownFileType = sourcecode.c.h; path = MJUImagePickerController.h; sourceTree = "<group>"; };
		7A524373185B6B1A0055D40A /* MJUImagePickerController.m */ = {isa = PBXFileReference; fileEncoding = 4; lastKnownFileType = sourcecode.c.objc; path = MJUImagePickerController.m; sourceTree = "<group>"; };
		7A62B68818252C1000A2C1B2 /* Storyboard.app */ = {isa = PBXFileReference; explicitFileType = wrapper.application; includeInIndex = 0; path = Storyboard.app; sourceTree = BUILT_PRODUCTS_DIR; };
		7A62B68B18252C1000A2C1B2 /* Foundation.framework */ = {isa = PBXFileReference; lastKnownFileType = wrapper.framework; name = Foundation.framework; path = System/Library/Frameworks/Foundation.framework; sourceTree = SDKROOT; };
		7A62B68D18252C1000A2C1B2 /* CoreGraphics.framework */ = {isa = PBXFileReference; lastKnownFileType = wrapper.framework; name = CoreGraphics.framework; path = System/Library/Frameworks/CoreGraphics.framework; sourceTree = SDKROOT; };
		7A62B68F18252C1000A2C1B2 /* UIKit.framework */ = {isa = PBXFileReference; lastKnownFileType = wrapper.framework; name = UIKit.framework; path = System/Library/Frameworks/UIKit.framework; sourceTree = SDKROOT; };
		7A62B69118252C1000A2C1B2 /* CoreData.framework */ = {isa = PBXFileReference; lastKnownFileType = wrapper.framework; name = CoreData.framework; path = System/Library/Frameworks/CoreData.framework; sourceTree = SDKROOT; };
		7A62B69518252C1000A2C1B2 /* Storyboard-Info.plist */ = {isa = PBXFileReference; lastKnownFileType = text.plist.xml; path = "Storyboard-Info.plist"; sourceTree = "<group>"; };
		7A62B69918252C1000A2C1B2 /* main.m */ = {isa = PBXFileReference; lastKnownFileType = sourcecode.c.objc; path = main.m; sourceTree = "<group>"; };
		7A62B69B18252C1000A2C1B2 /* Storyboard-Prefix.pch */ = {isa = PBXFileReference; lastKnownFileType = sourcecode.c.h; path = "Storyboard-Prefix.pch"; sourceTree = "<group>"; };
		7A62B69C18252C1000A2C1B2 /* MJUAppDelegate.h */ = {isa = PBXFileReference; lastKnownFileType = sourcecode.c.h; path = MJUAppDelegate.h; sourceTree = "<group>"; };
		7A62B69D18252C1000A2C1B2 /* MJUAppDelegate.m */ = {isa = PBXFileReference; lastKnownFileType = sourcecode.c.objc; path = MJUAppDelegate.m; sourceTree = "<group>"; };
		7A62B6A018252C1000A2C1B2 /* Base */ = {isa = PBXFileReference; lastKnownFileType = file.storyboard; name = Base; path = Base.lproj/Main_iPhone.storyboard; sourceTree = "<group>"; };
		7A62B6A318252C1000A2C1B2 /* Base */ = {isa = PBXFileReference; lastKnownFileType = file.storyboard; name = Base; path = Base.lproj/Main_iPad.storyboard; sourceTree = "<group>"; };
		7A62B6A618252C1000A2C1B2 /* Storyboard.xcdatamodel */ = {isa = PBXFileReference; lastKnownFileType = wrapper.xcdatamodel; path = Storyboard.xcdatamodel; sourceTree = "<group>"; };
		7A62B6B418252C1000A2C1B2 /* StoryboardTests.xctest */ = {isa = PBXFileReference; explicitFileType = wrapper.cfbundle; includeInIndex = 0; path = StoryboardTests.xctest; sourceTree = BUILT_PRODUCTS_DIR; };
		7A62B6B518252C1000A2C1B2 /* XCTest.framework */ = {isa = PBXFileReference; lastKnownFileType = wrapper.framework; name = XCTest.framework; path = Library/Frameworks/XCTest.framework; sourceTree = DEVELOPER_DIR; };
		7A62B6BE18252C1000A2C1B2 /* StoryboardTests-Info.plist */ = {isa = PBXFileReference; lastKnownFileType = text.plist.xml; path = "StoryboardTests-Info.plist"; sourceTree = "<group>"; };
		7A62B6C218252C1000A2C1B2 /* StoryboardTests.m */ = {isa = PBXFileReference; lastKnownFileType = sourcecode.c.objc; path = StoryboardTests.m; sourceTree = "<group>"; };
		7A62B6D0182539CC00A2C1B2 /* MJUProjectsDataModel.h */ = {isa = PBXFileReference; fileEncoding = 4; lastKnownFileType = sourcecode.c.h; path = MJUProjectsDataModel.h; sourceTree = "<group>"; };
		7A62B6D1182539CC00A2C1B2 /* MJUProjectsDataModel.m */ = {isa = PBXFileReference; fileEncoding = 4; lastKnownFileType = sourcecode.c.objc; path = MJUProjectsDataModel.m; sourceTree = "<group>"; };
		7A62B6D418253EA500A2C1B2 /* MJUProject.h */ = {isa = PBXFileReference; fileEncoding = 4; lastKnownFileType = sourcecode.c.h; path = MJUProject.h; sourceTree = "<group>"; };
		7A62B6D518253EA500A2C1B2 /* MJUProject.m */ = {isa = PBXFileReference; fileEncoding = 4; lastKnownFileType = sourcecode.c.objc; path = MJUProject.m; sourceTree = "<group>"; };
		7A68C04B18264DCD004EABD9 /* MJUProjectViewController.h */ = {isa = PBXFileReference; fileEncoding = 4; lastKnownFileType = sourcecode.c.h; path = MJUProjectViewController.h; sourceTree = "<group>"; };
		7A68C04C18264DCD004EABD9 /* MJUProjectViewController.m */ = {isa = PBXFileReference; fileEncoding = 4; lastKnownFileType = sourcecode.c.objc; path = MJUProjectViewController.m; sourceTree = "<group>"; };
		7A68C05818265F70004EABD9 /* MJUSceneImage.h */ = {isa = PBXFileReference; fileEncoding = 4; lastKnownFileType = sourcecode.c.h; path = MJUSceneImage.h; sourceTree = "<group>"; };
		7A68C05918265F70004EABD9 /* MJUSceneImage.m */ = {isa = PBXFileReference; fileEncoding = 4; lastKnownFileType = sourcecode.c.objc; path = MJUSceneImage.m; sourceTree = "<group>"; };
		7A68C05B18265F71004EABD9 /* MJUScene.h */ = {isa = PBXFileReference; fileEncoding = 4; lastKnownFileType = sourcecode.c.h; path = MJUScene.h; sourceTree = "<group>"; };
		7A68C05C18265F71004EABD9 /* MJUScene.m */ = {isa = PBXFileReference; fileEncoding = 4; lastKnownFileType = sourcecode.c.objc; path = MJUScene.m; sourceTree = "<group>"; };
		7A7BE10118CDB654001DFC72 /* MJUTextAnswer.h */ = {isa = PBXFileReference; fileEncoding = 4; lastKnownFileType = sourcecode.c.h; path = MJUTextAnswer.h; sourceTree = "<group>"; };
		7A7BE10218CDB654001DFC72 /* MJUTextAnswer.m */ = {isa = PBXFileReference; fileEncoding = 4; lastKnownFileType = sourcecode.c.objc; path = MJUTextAnswer.m; sourceTree = "<group>"; };
		7A7BE10418CDB655001DFC72 /* MJUSelectableAnswer.h */ = {isa = PBXFileReference; fileEncoding = 4; lastKnownFileType = sourcecode.c.h; path = MJUSelectableAnswer.h; sourceTree = "<group>"; };
		7A7BE10518CDB655001DFC72 /* MJUSelectableAnswer.m */ = {isa = PBXFileReference; fileEncoding = 4; lastKnownFileType = sourcecode.c.objc; path = MJUSelectableAnswer.m; sourceTree = "<group>"; };
		7A7BE10718CDB655001DFC72 /* MJUAnswer.h */ = {isa = PBXFileReference; fileEncoding = 4; lastKnownFileType = sourcecode.c.h; path = MJUAnswer.h; sourceTree = "<group>"; };
		7A7BE10818CDB655001DFC72 /* MJUAnswer.m */ = {isa = PBXFileReference; fileEncoding = 4; lastKnownFileType = sourcecode.c.objc; path = MJUAnswer.m; sourceTree = "<group>"; };
		7A7BE10A18CDB655001DFC72 /* MJUTextQuestion.h */ = {isa = PBXFileReference; fileEncoding = 4; lastKnownFileType = sourcecode.c.h; path = MJUTextQuestion.h; sourceTree = "<group>"; };
		7A7BE10B18CDB655001DFC72 /* MJUTextQuestion.m */ = {isa = PBXFileReference; fileEncoding = 4; lastKnownFileType = sourcecode.c.objc; path = MJUTextQuestion.m; sourceTree = "<group>"; };
		7A7BE10D18CDB655001DFC72 /* MJUSelectableQuestion.h */ = {isa = PBXFileReference; fileEncoding = 4; lastKnownFileType = sourcecode.c.h; path = MJUSelectableQuestion.h; sourceTree = "<group>"; };
		7A7BE10E18CDB655001DFC72 /* MJUSelectableQuestion.m */ = {isa = PBXFileReference; fileEncoding = 4; lastKnownFileType = sourcecode.c.objc; path = MJUSelectableQuestion.m; sourceTree = "<group>"; };
		7A7BE11018CDB655001DFC72 /* MJUQuestion.h */ = {isa = PBXFileReference; fileEncoding = 4; lastKnownFileType = sourcecode.c.h; path = MJUQuestion.h; sourceTree = "<group>"; };
		7A7BE11118CDB655001DFC72 /* MJUQuestion.m */ = {isa = PBXFileReference; fileEncoding = 4; lastKnownFileType = sourcecode.c.objc; path = MJUQuestion.m; sourceTree = "<group>"; };
		7A7BE11318CDB655001DFC72 /* MJUSelectable.h */ = {isa = PBXFileReference; fileEncoding = 4; lastKnownFileType = sourcecode.c.h; path = MJUSelectable.h; sourceTree = "<group>"; };
		7A7BE11418CDB655001DFC72 /* MJUSelectable.m */ = {isa = PBXFileReference; fileEncoding = 4; lastKnownFileType = sourcecode.c.objc; path = MJUSelectable.m; sourceTree = "<group>"; };
		7A7BE11618CDC51A001DFC72 /* MJUEditSelectionViewController.h */ = {isa = PBXFileReference; fileEncoding = 4; lastKnownFileType = sourcecode.c.h; path = MJUEditSelectionViewController.h; sourceTree = "<group>"; };
		7A7BE11718CDC51A001DFC72 /* MJUEditSelectionViewController.m */ = {isa = PBXFileReference; fileEncoding = 4; lastKnownFileType = sourcecode.c.objc; path = MJUEditSelectionViewController.m; sourceTree = "<group>"; };
		7A835F25188041A7002A30AD /* de */ = {isa = PBXFileReference; lastKnownFileType = text.plist.strings; name = de; path = de.lproj/Localizable.strings; sourceTree = "<group>"; };
		7A9520251834CFC9002EC307 /* MJUHelper.h */ = {isa = PBXFileReference; fileEncoding = 4; lastKnownFileType = sourcecode.c.h; path = MJUHelper.h; sourceTree = "<group>"; };
		7A9520261834CFC9002EC307 /* MJUHelper.m */ = {isa = PBXFileReference; fileEncoding = 4; lastKnownFileType = sourcecode.c.objc; path = MJUHelper.m; sourceTree = "<group>"; };
		7A9520281834D5F3002EC307 /* UIColor+Additions.h */ = {isa = PBXFileReference; fileEncoding = 4; lastKnownFileType = sourcecode.c.h; path = "UIColor+Additions.h"; sourceTree = "<group>"; };
		7A9520291834D5F3002EC307 /* UIColor+Additions.m */ = {isa = PBXFileReference; fileEncoding = 4; lastKnownFileType = sourcecode.c.objc; path = "UIColor+Additions.m"; sourceTree = "<group>"; };
		7A95202B1834D927002EC307 /* UITableView+Additions.h */ = {isa = PBXFileReference; fileEncoding = 4; lastKnownFileType = sourcecode.c.h; path = "UITableView+Additions.h"; sourceTree = "<group>"; };
		7A95202C1834D927002EC307 /* UITableView+Additions.m */ = {isa = PBXFileReference; fileEncoding = 4; lastKnownFileType = sourcecode.c.objc; path = "UITableView+Additions.m"; sourceTree = "<group>"; };
		7A9520301834E52D002EC307 /* MJUProjectCell.h */ = {isa = PBXFileReference; fileEncoding = 4; lastKnownFileType = sourcecode.c.h; path = MJUProjectCell.h; sourceTree = "<group>"; };
		7A9520311834E52D002EC307 /* MJUProjectCell.m */ = {isa = PBXFileReference; fileEncoding = 4; lastKnownFileType = sourcecode.c.objc; path = MJUProjectCell.m; sourceTree = "<group>"; };
		7A95203618352B73002EC307 /* TimePickerView.xib */ = {isa = PBXFileReference; fileEncoding = 4; lastKnownFileType = file.xib; path = TimePickerView.xib; sourceTree = "<group>"; };
		7A95203918352C3E002EC307 /* MJUTimeSelectionView.h */ = {isa = PBXFileReference; fileEncoding = 4; lastKnownFileType = sourcecode.c.h; path = MJUTimeSelectionView.h; sourceTree = "<group>"; };
		7A95203A18352C3E002EC307 /* MJUTimeSelectionView.m */ = {isa = PBXFileReference; fileEncoding = 4; lastKnownFileType = sourcecode.c.objc; path = MJUTimeSelectionView.m; sourceTree = "<group>"; };
		7A9C9E92184DD894008B05C6 /* loading.html */ = {isa = PBXFileReference; fileEncoding = 4; lastKnownFileType = text.html; path = loading.html; sourceTree = "<group>"; };
		7A9C9E93184DD894008B05C6 /* wheel1.png */ = {isa = PBXFileReference; lastKnownFileType = image.png; path = wheel1.png; sourceTree = "<group>"; };
		7A9C9E94184DD894008B05C6 /* wheel2.png */ = {isa = PBXFileReference; lastKnownFileType = image.png; path = wheel2.png; sourceTree = "<group>"; };
		7A9C9E95184DD894008B05C6 /* wheel3.png */ = {isa = PBXFileReference; lastKnownFileType = image.png; path = wheel3.png; sourceTree = "<group>"; };
		7AA374EE184F3915007309B2 /* Images.xcassets */ = {isa = PBXFileReference; lastKnownFileType = folder.assetcatalog; path = Images.xcassets; sourceTree = "<group>"; };
		7AAD4D2B188941D60012D6A8 /* MJUEditCategoriesTableViewController.h */ = {isa = PBXFileReference; fileEncoding = 4; lastKnownFileType = sourcecode.c.h; path = MJUEditCategoriesTableViewController.h; sourceTree = "<group>"; };
		7AAD4D2C188941D60012D6A8 /* MJUEditCategoriesTableViewController.m */ = {isa = PBXFileReference; fileEncoding = 4; lastKnownFileType = sourcecode.c.objc; path = MJUEditCategoriesTableViewController.m; sourceTree = "<group>"; };
		7AAD4D34188948750012D6A8 /* MJUQuestionCategory.h */ = {isa = PBXFileReference; fileEncoding = 4; lastKnownFileType = sourcecode.c.h; path = MJUQuestionCategory.h; sourceTree = "<group>"; };
		7AAD4D35188948750012D6A8 /* MJUQuestionCategory.m */ = {isa = PBXFileReference; fileEncoding = 4; lastKnownFileType = sourcecode.c.objc; path = MJUQuestionCategory.m; sourceTree = "<group>"; };
		7AAD4D3A188948750012D6A8 /* MJUQuestionSection.h */ = {isa = PBXFileReference; fileEncoding = 4; lastKnownFileType = sourcecode.c.h; path = MJUQuestionSection.h; sourceTree = "<group>"; };
		7AAD4D3B188948750012D6A8 /* MJUQuestionSection.m */ = {isa = PBXFileReference; fileEncoding = 4; lastKnownFileType = sourcecode.c.objc; path = MJUQuestionSection.m; sourceTree = "<group>"; };
		7AAD4D4618894C570012D6A8 /* MJUTitleInputViewController.h */ = {isa = PBXFileReference; fileEncoding = 4; lastKnownFileType = sourcecode.c.h; path = MJUTitleInputViewController.h; sourceTree = "<group>"; };
		7AAD4D4718894C570012D6A8 /* MJUTitleInputViewController.m */ = {isa = PBXFileReference; fileEncoding = 4; lastKnownFileType = sourcecode.c.objc; path = MJUTitleInputViewController.m; sourceTree = "<group>"; };
		7AB63F9718312BDB009C3948 /* MJUSceneCell.h */ = {isa = PBXFileReference; fileEncoding = 4; lastKnownFileType = sourcecode.c.h; path = MJUSceneCell.h; sourceTree = "<group>"; };
		7AB63F9818312BDB009C3948 /* MJUSceneCell.m */ = {isa = PBXFileReference; fileEncoding = 4; lastKnownFileType = sourcecode.c.objc; path = MJUSceneCell.m; sourceTree = "<group>"; };
		7AB7B156185CB9C800BF9CEC /* MJUTextViewCell.h */ = {isa = PBXFileReference; fileEncoding = 4; lastKnownFileType = sourcecode.c.h; path = MJUTextViewCell.h; sourceTree = "<group>"; };
		7AB7B157185CB9C800BF9CEC /* MJUTextViewCell.m */ = {isa = PBXFileReference; fileEncoding = 4; lastKnownFileType = sourcecode.c.objc; path = MJUTextViewCell.m; sourceTree = "<group>"; };
		7ABEB95C18802CA500D92F20 /* Base */ = {isa = PBXFileReference; lastKnownFileType = text.plist.xml; name = Base; path = Base.lproj/Questions_Contact.plist; sourceTree = "<group>"; };
		7ABEB95E18802CAD00D92F20 /* de */ = {isa = PBXFileReference; lastKnownFileType = text.plist.xml; name = de; path = de.lproj/Questions_Contact.plist; sourceTree = "<group>"; };
		7ABEB96018802D4900D92F20 /* Base */ = {isa = PBXFileReference; lastKnownFileType = text.plist.xml; name = Base; path = Base.lproj/Questions_Parameter.plist; sourceTree = "<group>"; };
		7ABEB96218802D4E00D92F20 /* de */ = {isa = PBXFileReference; lastKnownFileType = text.plist.xml; name = de; path = de.lproj/Questions_Parameter.plist; sourceTree = "<group>"; };
		7ABEB96418802E3D00D92F20 /* Base */ = {isa = PBXFileReference; lastKnownFileType = text.plist.xml; name = Base; path = Base.lproj/Questions_Organisation.plist; sourceTree = "<group>"; };
		7ABEB96618802E4100D92F20 /* de */ = {isa = PBXFileReference; lastKnownFileType = text.plist.xml; name = de; path = de.lproj/Questions_Organisation.plist; sourceTree = "<group>"; };
		7ABEB96818802F3700D92F20 /* Base */ = {isa = PBXFileReference; lastKnownFileType = text.plist.xml; name = Base; path = Base.lproj/Questions_PostProduction.plist; sourceTree = "<group>"; };
		7ABEB96A18802F3A00D92F20 /* de */ = {isa = PBXFileReference; lastKnownFileType = text.plist.xml; name = de; path = de.lproj/Questions_PostProduction.plist; sourceTree = "<group>"; };
		7ABEB96D1880342700D92F20 /* de */ = {isa = PBXFileReference; lastKnownFileType = file.xib; name = de; path = de.lproj/EmptyProjectView.xib; sourceTree = "<group>"; };
		7ABEB9701880377300D92F20 /* de */ = {isa = PBXFileReference; lastKnownFileType = text.plist.strings; name = de; path = de.lproj/Main_iPad.strings; sourceTree = "<group>"; };
		7ABEB972188037E300D92F20 /* de */ = {isa = PBXFileReference; lastKnownFileType = text.plist.strings; name = de; path = de.lproj/Main_iPhone.strings; sourceTree = "<group>"; };
		7AC4A00D183788D10027BEAB /* MJUQuestionsViewController.h */ = {isa = PBXFileReference; fileEncoding = 4; lastKnownFileType = sourcecode.c.h; path = MJUQuestionsViewController.h; sourceTree = "<group>"; };
		7AC4A00E183788D10027BEAB /* MJUQuestionsViewController.m */ = {isa = PBXFileReference; fileEncoding = 4; lastKnownFileType = sourcecode.c.objc; path = MJUQuestionsViewController.m; sourceTree = "<group>"; };
		7AC4A0201837B4030027BEAB /* MJUQuestionCell.h */ = {isa = PBXFileReference; fileEncoding = 4; lastKnownFileType = sourcecode.c.h; path = MJUQuestionCell.h; sourceTree = "<group>"; };
		7AC4A0211837B4030027BEAB /* MJUQuestionCell.m */ = {isa = PBXFileReference; fileEncoding = 4; lastKnownFileType = sourcecode.c.objc; path = MJUQuestionCell.m; sourceTree = "<group>"; };
		7AC74CA6184CEEA50020BC23 /* dummyImage.jpg */ = {isa = PBXFileReference; lastKnownFileType = image.jpeg; path = dummyImage.jpg; sourceTree = "<group>"; };
		7AC869E118CF1AC4001F81AB /* MJUQuestionSelectionViewController.h */ = {isa = PBXFileReference; fileEncoding = 4; lastKnownFileType = sourcecode.c.h; path = MJUQuestionSelectionViewController.h; sourceTree = "<group>"; };
		7AC869E218CF1AC4001F81AB /* MJUQuestionSelectionViewController.m */ = {isa = PBXFileReference; fileEncoding = 4; lastKnownFileType = sourcecode.c.objc; path = MJUQuestionSelectionViewController.m; sourceTree = "<group>"; };
		7AC869E418CF246F001F81AB /* NSError+Additions.h */ = {isa = PBXFileReference; fileEncoding = 4; lastKnownFileType = sourcecode.c.h; path = "NSError+Additions.h"; sourceTree = "<group>"; };
		7AC869E518CF246F001F81AB /* NSError+Additions.m */ = {isa = PBXFileReference; fileEncoding = 4; lastKnownFileType = sourcecode.c.objc; path = "NSError+Additions.m"; sourceTree = "<group>"; };
		7AD16B50182FA0C600201465 /* MJUTextInputViewController.h */ = {isa = PBXFileReference; fileEncoding = 4; lastKnownFileType = sourcecode.c.h; path = MJUTextInputViewController.h; sourceTree = "<group>"; };
		7AD16B51182FA0C600201465 /* MJUTextInputViewController.m */ = {isa = PBXFileReference; fileEncoding = 4; lastKnownFileType = sourcecode.c.objc; path = MJUTextInputViewController.m; sourceTree = "<group>"; };
		7ADC3D50184CCD4600DABBE5 /* MJUPDFViewController.h */ = {isa = PBXFileReference; fileEncoding = 4; lastKnownFileType = sourcecode.c.h; path = MJUPDFViewController.h; sourceTree = "<group>"; };
		7ADC3D51184CCD4600DABBE5 /* MJUPDFViewController.m */ = {isa = PBXFileReference; fileEncoding = 4; lastKnownFileType = sourcecode.c.objc; path = MJUPDFViewController.m; sourceTree = "<group>"; };
		7AE48FAE184CE41200AA693E /* MessageUI.framework */ = {isa = PBXFileReference; lastKnownFileType = wrapper.framework; name = MessageUI.framework; path = System/Library/Frameworks/MessageUI.framework; sourceTree = SDKROOT; };
		7AE4CEF1185255DC00FCEF1C /* MJUSplitViewController.h */ = {isa = PBXFileReference; fileEncoding = 4; lastKnownFileType = sourcecode.c.h; path = MJUSplitViewController.h; sourceTree = "<group>"; };
		7AE4CEF2185255DC00FCEF1C /* MJUSplitViewController.m */ = {isa = PBXFileReference; fileEncoding = 4; lastKnownFileType = sourcecode.c.objc; path = MJUSplitViewController.m; sourceTree = "<group>"; };
		7AEEAA9E18537403006038DB /* MJUTimePickerViewController.h */ = {isa = PBXFileReference; fileEncoding = 4; lastKnownFileType = sourcecode.c.h; path = MJUTimePickerViewController.h; sourceTree = "<group>"; };
		7AEEAA9F18537403006038DB /* MJUTimePickerViewController.m */ = {isa = PBXFileReference; fileEncoding = 4; lastKnownFileType = sourcecode.c.objc; path = MJUTimePickerViewController.m; sourceTree = "<group>"; };
		7AEFB697182D261800315686 /* MJUAddProjectViewController.h */ = {isa = PBXFileReference; fileEncoding = 4; lastKnownFileType = sourcecode.c.h; path = MJUAddProjectViewController.h; sourceTree = "<group>"; };
		7AEFB698182D261800315686 /* MJUAddProjectViewController.m */ = {isa = PBXFileReference; fileEncoding = 4; lastKnownFileType = sourcecode.c.objc; path = MJUAddProjectViewController.m; sourceTree = "<group>"; };
		7AEFB69E182D2EF400315686 /* NSString+Additions.h */ = {isa = PBXFileReference; fileEncoding = 4; lastKnownFileType = sourcecode.c.h; path = "NSString+Additions.h"; sourceTree = "<group>"; };
		7AEFB69F182D2EF400315686 /* NSString+Additions.m */ = {isa = PBXFileReference; fileEncoding = 4; lastKnownFileType = sourcecode.c.objc; path = "NSString+Additions.m"; sourceTree = "<group>"; };
		7AF2210D1880483800AB6DF2 /* Base */ = {isa = PBXFileReference; lastKnownFileType = text; name = Base; path = Base.lproj/pdf_content.mustache; sourceTree = "<group>"; };
		7AF2210F1880483A00AB6DF2 /* de */ = {isa = PBXFileReference; lastKnownFileType = text; name = de; path = de.lproj/pdf_content.mustache; sourceTree = "<group>"; };
		7AF372B4184E39750098C28D /* de */ = {isa = PBXFileReference; lastKnownFileType = text.plist.strings; name = de; path = de.lproj/InfoPlist.strings; sourceTree = "<group>"; };
		7AF372B5184E39750098C28D /* de */ = {isa = PBXFileReference; lastKnownFileType = text.plist.strings; name = de; path = de.lproj/InfoPlist.strings; sourceTree = "<group>"; };
		7AF372B7184E39890098C28D /* Base */ = {isa = PBXFileReference; lastKnownFileType = file.xib; name = Base; path = Base.lproj/EmptyProjectView.xib; sourceTree = "<group>"; };
		E712C88D0B244666A07D6027 /* Pods.xcconfig */ = {isa = PBXFileReference; includeInIndex = 1; lastKnownFileType = text.xcconfig; name = Pods.xcconfig; path = Pods/Pods.xcconfig; sourceTree = "<group>"; };
/* End PBXFileReference section */

/* Begin PBXFrameworksBuildPhase section */
		7A62B68518252C1000A2C1B2 /* Frameworks */ = {
			isa = PBXFrameworksBuildPhase;
			buildActionMask = 2147483647;
			files = (
				7AE48FAF184CE41200AA693E /* MessageUI.framework in Frameworks */,
				7A3639BE1827D72E00B7307B /* QuickLook.framework in Frameworks */,
				7A62B68E18252C1000A2C1B2 /* CoreGraphics.framework in Frameworks */,
				7A62B69218252C1000A2C1B2 /* CoreData.framework in Frameworks */,
				7A62B69018252C1000A2C1B2 /* UIKit.framework in Frameworks */,
				7A62B68C18252C1000A2C1B2 /* Foundation.framework in Frameworks */,
				73D5A0CDC3A84B54BA3F734C /* libPods.a in Frameworks */,
			);
			runOnlyForDeploymentPostprocessing = 0;
		};
		7A62B6B118252C1000A2C1B2 /* Frameworks */ = {
			isa = PBXFrameworksBuildPhase;
			buildActionMask = 2147483647;
			files = (
				7A62B6B618252C1000A2C1B2 /* XCTest.framework in Frameworks */,
				7A62B6B918252C1000A2C1B2 /* CoreData.framework in Frameworks */,
				7A62B6B818252C1000A2C1B2 /* UIKit.framework in Frameworks */,
				7A62B6B718252C1000A2C1B2 /* Foundation.framework in Frameworks */,
			);
			runOnlyForDeploymentPostprocessing = 0;
		};
/* End PBXFrameworksBuildPhase section */

/* Begin PBXGroup section */
		7A018B151855E5AB004E5657 /* iPad */ = {
			isa = PBXGroup;
			children = (
				7A018B161855E5CD004E5657 /* MJUSpacedTableViewCell.h */,
				7A018B171855E5CD004E5657 /* MJUSpacedTableViewCell.m */,
				7A018B1918560747004E5657 /* MJUTableHeaderView.h */,
				7A018B1A18560747004E5657 /* MJUTableHeaderView.m */,
			);
			name = iPad;
			sourceTree = "<group>";
		};
		7A195C49183E084E00E2F944 /* PDF Generation */ = {
			isa = PBXGroup;
			children = (
				7A195C4A183E086C00E2F944 /* MJUPDFGenerator.h */,
				7A195C4B183E086C00E2F944 /* MJUPDFGenerator.m */,
				7ADC3D50184CCD4600DABBE5 /* MJUPDFViewController.h */,
				7ADC3D51184CCD4600DABBE5 /* MJUPDFViewController.m */,
				7A3F9169186338410019D1E0 /* MJUPDFImageURLProtocol.h */,
				7A3F916A186338410019D1E0 /* MJUPDFImageURLProtocol.m */,
			);
			name = "PDF Generation";
			sourceTree = "<group>";
		};
		7A195C4D183E092000E2F944 /* PDF */ = {
			isa = PBXGroup;
			children = (
				7AF85C741865C97C00A921A2 /* templates */,
				7A9C9E91184DD7C1008B05C6 /* loading */,
			);
			name = PDF;
			sourceTree = "<group>";
		};
		7A3639B91827CAFC00B7307B /* SceneDetail */ = {
			isa = PBXGroup;
			children = (
				7A3639BA1827CB1C00B7307B /* MJUSceneViewController.h */,
				7A3639BB1827CB1C00B7307B /* MJUSceneViewController.m */,
				7AEEAA9E18537403006038DB /* MJUTimePickerViewController.h */,
				7AEEAA9F18537403006038DB /* MJUTimePickerViewController.m */,
				7A524372185B6B1A0055D40A /* MJUImagePickerController.h */,
				7A524373185B6B1A0055D40A /* MJUImagePickerController.m */,
			);
			name = SceneDetail;
			sourceTree = "<group>";
		};
		7A62B67F18252C1000A2C1B2 = {
			isa = PBXGroup;
			children = (
				7A62B69318252C1000A2C1B2 /* Storyboard */,
				7A62B6BC18252C1000A2C1B2 /* StoryboardTests */,
				7A62B68A18252C1000A2C1B2 /* Frameworks */,
				7A62B68918252C1000A2C1B2 /* Products */,
				E712C88D0B244666A07D6027 /* Pods.xcconfig */,
			);
			sourceTree = "<group>";
		};
		7A62B68918252C1000A2C1B2 /* Products */ = {
			isa = PBXGroup;
			children = (
				7A62B68818252C1000A2C1B2 /* Storyboard.app */,
				7A62B6B418252C1000A2C1B2 /* StoryboardTests.xctest */,
			);
			name = Products;
			sourceTree = "<group>";
		};
		7A62B68A18252C1000A2C1B2 /* Frameworks */ = {
			isa = PBXGroup;
			children = (
				7AE48FAE184CE41200AA693E /* MessageUI.framework */,
				7A3639BD1827D72E00B7307B /* QuickLook.framework */,
				7A62B68B18252C1000A2C1B2 /* Foundation.framework */,
				7A62B68D18252C1000A2C1B2 /* CoreGraphics.framework */,
				7A62B68F18252C1000A2C1B2 /* UIKit.framework */,
				7A62B69118252C1000A2C1B2 /* CoreData.framework */,
				7A62B6B518252C1000A2C1B2 /* XCTest.framework */,
				679E4CF310DC401DBC52D6AA /* libPods.a */,
			);
			name = Frameworks;
			sourceTree = "<group>";
		};
		7A62B69318252C1000A2C1B2 /* Storyboard */ = {
			isa = PBXGroup;
			children = (
				7A9520241834CFB7002EC307 /* Helper */,
				7AEFB69A182D2E8200315686 /* Categories */,
				7A68C04718264D5F004EABD9 /* Model */,
				7A68C04618264D5A004EABD9 /* View */,
				7A68C04818264D63004EABD9 /* Controller */,
				7A68C04518264D4B004EABD9 /* General */,
				7A68C04918264D93004EABD9 /* Assets */,
			);
			path = Storyboard;
			sourceTree = "<group>";
		};
		7A62B69418252C1000A2C1B2 /* Supporting Files */ = {
			isa = PBXGroup;
			children = (
				7A835F24188041A7002A30AD /* Localizable.strings */,
				7AA374EE184F3915007309B2 /* Images.xcassets */,
				7A3F916C18633BF40019D1E0 /* image1.png */,
				7AC74CA6184CEEA50020BC23 /* dummyImage.jpg */,
				7A62B69518252C1000A2C1B2 /* Storyboard-Info.plist */,
				7A62B69618252C1000A2C1B2 /* InfoPlist.strings */,
				7A62B69918252C1000A2C1B2 /* main.m */,
				7A62B69B18252C1000A2C1B2 /* Storyboard-Prefix.pch */,
			);
			name = "Supporting Files";
			sourceTree = "<group>";
		};
		7A62B6BC18252C1000A2C1B2 /* StoryboardTests */ = {
			isa = PBXGroup;
			children = (
				7A62B6C218252C1000A2C1B2 /* StoryboardTests.m */,
				7A62B6BD18252C1000A2C1B2 /* Supporting Files */,
			);
			path = StoryboardTests;
			sourceTree = "<group>";
		};
		7A62B6BD18252C1000A2C1B2 /* Supporting Files */ = {
			isa = PBXGroup;
			children = (
				7A62B6BE18252C1000A2C1B2 /* StoryboardTests-Info.plist */,
				7A62B6BF18252C1000A2C1B2 /* InfoPlist.strings */,
			);
			name = "Supporting Files";
			sourceTree = "<group>";
		};
		7A62B6CF182539B300A2C1B2 /* CoreData */ = {
			isa = PBXGroup;
			children = (
				7A62B6A518252C1000A2C1B2 /* Storyboard.xcdatamodeld */,
				7A62B6D0182539CC00A2C1B2 /* MJUProjectsDataModel.h */,
				7A62B6D1182539CC00A2C1B2 /* MJUProjectsDataModel.m */,
			);
			name = CoreData;
			sourceTree = "<group>";
		};
		7A64FCA6184F87B500133F39 /* Questions */ = {
			isa = PBXGroup;
			children = (
				7AAD4D34188948750012D6A8 /* MJUQuestionCategory.h */,
				7AAD4D35188948750012D6A8 /* MJUQuestionCategory.m */,
				7AAD4D3A188948750012D6A8 /* MJUQuestionSection.h */,
				7AAD4D3B188948750012D6A8 /* MJUQuestionSection.m */,
				7A7BE11018CDB655001DFC72 /* MJUQuestion.h */,
				7A7BE11118CDB655001DFC72 /* MJUQuestion.m */,
				7A7BE10A18CDB655001DFC72 /* MJUTextQuestion.h */,
				7A7BE10B18CDB655001DFC72 /* MJUTextQuestion.m */,
				7A7BE10118CDB654001DFC72 /* MJUTextAnswer.h */,
				7A7BE10218CDB654001DFC72 /* MJUTextAnswer.m */,
				7A7BE10718CDB655001DFC72 /* MJUAnswer.h */,
				7A7BE10818CDB655001DFC72 /* MJUAnswer.m */,
				7A7BE10418CDB655001DFC72 /* MJUSelectableAnswer.h */,
				7A7BE10518CDB655001DFC72 /* MJUSelectableAnswer.m */,
				7A7BE11318CDB655001DFC72 /* MJUSelectable.h */,
				7A7BE11418CDB655001DFC72 /* MJUSelectable.m */,
				7A7BE10D18CDB655001DFC72 /* MJUSelectableQuestion.h */,
				7A7BE10E18CDB655001DFC72 /* MJUSelectableQuestion.m */,
			);
			name = Questions;
			sourceTree = "<group>";
		};
		7A68C04418264D37004EABD9 /* Project Overview */ = {
			isa = PBXGroup;
			children = (
				7A435861182CEE4200534588 /* MJUProjectsTableViewController.h */,
				7A435862182CEE4200534588 /* MJUProjectsTableViewController.m */,
				7AEFB697182D261800315686 /* MJUAddProjectViewController.h */,
				7AEFB698182D261800315686 /* MJUAddProjectViewController.m */,
			);
			name = "Project Overview";
			sourceTree = "<group>";
		};
		7A68C04518264D4B004EABD9 /* General */ = {
			isa = PBXGroup;
			children = (
				7A62B69C18252C1000A2C1B2 /* MJUAppDelegate.h */,
				7A62B69D18252C1000A2C1B2 /* MJUAppDelegate.m */,
			);
			name = General;
			sourceTree = "<group>";
		};
		7A68C04618264D5A004EABD9 /* View */ = {
			isa = PBXGroup;
			children = (
				7A018B151855E5AB004E5657 /* iPad */,
				7A195C4D183E092000E2F944 /* PDF */,
				7AC4A01F1837B3EB0027BEAB /* Questions */,
				7A95203818352C27002EC307 /* SceneDetail */,
				7A95202E1834E47E002EC307 /* Project */,
				7AB63F9618312BBD009C3948 /* Scenes */,
				7A62B69F18252C1000A2C1B2 /* Main_iPhone.storyboard */,
				7A62B6A218252C1000A2C1B2 /* Main_iPad.storyboard */,
				7AF372B8184E39890098C28D /* EmptyProjectView.xib */,
				7A95203618352B73002EC307 /* TimePickerView.xib */,
			);
			name = View;
			sourceTree = "<group>";
		};
		7A68C04718264D5F004EABD9 /* Model */ = {
			isa = PBXGroup;
			children = (
				7A64FCA6184F87B500133F39 /* Questions */,
				7A62B6D418253EA500A2C1B2 /* MJUProject.h */,
				7A62B6D518253EA500A2C1B2 /* MJUProject.m */,
				7A68C05B18265F71004EABD9 /* MJUScene.h */,
				7A68C05C18265F71004EABD9 /* MJUScene.m */,
				7A68C05818265F70004EABD9 /* MJUSceneImage.h */,
				7A68C05918265F70004EABD9 /* MJUSceneImage.m */,
				7A62B6CF182539B300A2C1B2 /* CoreData */,
			);
			name = Model;
			sourceTree = "<group>";
		};
		7A68C04818264D63004EABD9 /* Controller */ = {
			isa = PBXGroup;
			children = (
				7AAD4D2A188941910012D6A8 /* Settings */,
				7AE4CEF0185255C600FCEF1C /* SplitViewController */,
				7A195C49183E084E00E2F944 /* PDF Generation */,
				7AC4A00C183788B70027BEAB /* Questions */,
				7A68C04418264D37004EABD9 /* Project Overview */,
				7A68C04A18264DB6004EABD9 /* Project Detail */,
				7A68C04E18265353004EABD9 /* Storyboard */,
				7A3639B91827CAFC00B7307B /* SceneDetail */,
				7AD16B4F182FA0A500201465 /* Text Input */,
			);
			name = Controller;
			sourceTree = "<group>";
		};
		7A68C04918264D93004EABD9 /* Assets */ = {
			isa = PBXGroup;
			children = (
				7A62B69418252C1000A2C1B2 /* Supporting Files */,
				7ABEB95D18802CA500D92F20 /* Questions_Contact.plist */,
				7ABEB96118802D4900D92F20 /* Questions_Parameter.plist */,
				7ABEB96518802E3D00D92F20 /* Questions_Organisation.plist */,
				7ABEB96918802F3700D92F20 /* Questions_PostProduction.plist */,
			);
			name = Assets;
			sourceTree = "<group>";
		};
		7A68C04A18264DB6004EABD9 /* Project Detail */ = {
			isa = PBXGroup;
			children = (
				7A68C04B18264DCD004EABD9 /* MJUProjectViewController.h */,
				7A68C04C18264DCD004EABD9 /* MJUProjectViewController.m */,
			);
			name = "Project Detail";
			sourceTree = "<group>";
		};
		7A68C04E18265353004EABD9 /* Storyboard */ = {
			isa = PBXGroup;
			children = (
				7A435864182CF40300534588 /* MJUScenesTableViewController.h */,
				7A435865182CF40300534588 /* MJUScenesTableViewController.m */,
			);
			name = Storyboard;
			sourceTree = "<group>";
		};
		7A9520241834CFB7002EC307 /* Helper */ = {
			isa = PBXGroup;
			children = (
				7A9520251834CFC9002EC307 /* MJUHelper.h */,
				7A9520261834CFC9002EC307 /* MJUHelper.m */,
			);
			name = Helper;
			sourceTree = "<group>";
		};
		7A95202E1834E47E002EC307 /* Project */ = {
			isa = PBXGroup;
			children = (
				7A9520301834E52D002EC307 /* MJUProjectCell.h */,
				7A9520311834E52D002EC307 /* MJUProjectCell.m */,
			);
			name = Project;
			sourceTree = "<group>";
		};
		7A95203818352C27002EC307 /* SceneDetail */ = {
			isa = PBXGroup;
			children = (
				7A95203918352C3E002EC307 /* MJUTimeSelectionView.h */,
				7A95203A18352C3E002EC307 /* MJUTimeSelectionView.m */,
				7AB7B156185CB9C800BF9CEC /* MJUTextViewCell.h */,
				7AB7B157185CB9C800BF9CEC /* MJUTextViewCell.m */,
			);
			name = SceneDetail;
			sourceTree = "<group>";
		};
		7A9C9E91184DD7C1008B05C6 /* loading */ = {
			isa = PBXGroup;
			children = (
				7A9C9E92184DD894008B05C6 /* loading.html */,
				7A9C9E93184DD894008B05C6 /* wheel1.png */,
				7A9C9E94184DD894008B05C6 /* wheel2.png */,
				7A9C9E95184DD894008B05C6 /* wheel3.png */,
			);
			name = loading;
			sourceTree = "<group>";
		};
		7AAD4D2A188941910012D6A8 /* Settings */ = {
			isa = PBXGroup;
			children = (
				7AAD4D2B188941D60012D6A8 /* MJUEditCategoriesTableViewController.h */,
				7AAD4D2C188941D60012D6A8 /* MJUEditCategoriesTableViewController.m */,
				7AAD4D4618894C570012D6A8 /* MJUTitleInputViewController.h */,
				7AAD4D4718894C570012D6A8 /* MJUTitleInputViewController.m */,
				7A22303B18CC8D9900E11035 /* MJUTextInputCell.h */,
				7A22303C18CC8D9900E11035 /* MJUTextInputCell.m */,
				7A22303E18CC925500E11035 /* MJUEditSectionsViewController.h */,
				7A22303F18CC925500E11035 /* MJUEditSectionsViewController.m */,
				7A22304118CC97B000E11035 /* MJUEditQuestionsViewController.h */,
				7A22304218CC97B000E11035 /* MJUEditQuestionsViewController.m */,
				7A7BE11618CDC51A001DFC72 /* MJUEditSelectionViewController.h */,
				7A7BE11718CDC51A001DFC72 /* MJUEditSelectionViewController.m */,
			);
			name = Settings;
			sourceTree = "<group>";
		};
		7AB63F9618312BBD009C3948 /* Scenes */ = {
			isa = PBXGroup;
			children = (
				7AB63F9718312BDB009C3948 /* MJUSceneCell.h */,
				7AB63F9818312BDB009C3948 /* MJUSceneCell.m */,
			);
			name = Scenes;
			sourceTree = "<group>";
		};
		7AC4A00C183788B70027BEAB /* Questions */ = {
			isa = PBXGroup;
			children = (
				7AC869E118CF1AC4001F81AB /* MJUQuestionSelectionViewController.h */,
				7AC869E218CF1AC4001F81AB /* MJUQuestionSelectionViewController.m */,
				7AC4A00D183788D10027BEAB /* MJUQuestionsViewController.h */,
				7AC4A00E183788D10027BEAB /* MJUQuestionsViewController.m */,
			);
			name = Questions;
			sourceTree = "<group>";
		};
		7AC4A01F1837B3EB0027BEAB /* Questions */ = {
			isa = PBXGroup;
			children = (
				7AC4A0201837B4030027BEAB /* MJUQuestionCell.h */,
				7AC4A0211837B4030027BEAB /* MJUQuestionCell.m */,
			);
			name = Questions;
			sourceTree = "<group>";
		};
		7AD16B4F182FA0A500201465 /* Text Input */ = {
			isa = PBXGroup;
			children = (
				7AD16B50182FA0C600201465 /* MJUTextInputViewController.h */,
				7AD16B51182FA0C600201465 /* MJUTextInputViewController.m */,
			);
			name = "Text Input";
			sourceTree = "<group>";
		};
		7AE4CEF0185255C600FCEF1C /* SplitViewController */ = {
			isa = PBXGroup;
			children = (
				7AE4CEF1185255DC00FCEF1C /* MJUSplitViewController.h */,
				7AE4CEF2185255DC00FCEF1C /* MJUSplitViewController.m */,
			);
			name = SplitViewController;
			sourceTree = "<group>";
		};
		7AEFB69A182D2E8200315686 /* Categories */ = {
			isa = PBXGroup;
			children = (
				7A9520281834D5F3002EC307 /* UIColor+Additions.h */,
				7A9520291834D5F3002EC307 /* UIColor+Additions.m */,
				7AEFB69E182D2EF400315686 /* NSString+Additions.h */,
				7AEFB69F182D2EF400315686 /* NSString+Additions.m */,
				7A95202B1834D927002EC307 /* UITableView+Additions.h */,
				7A95202C1834D927002EC307 /* UITableView+Additions.m */,
				7A41CF44183B68180059B727 /* UILabel+Additions.h */,
				7A41CF45183B68180059B727 /* UILabel+Additions.m */,
				7AC869E418CF246F001F81AB /* NSError+Additions.h */,
				7AC869E518CF246F001F81AB /* NSError+Additions.m */,
			);
			name = Categories;
			sourceTree = "<group>";
		};
		7AF85C741865C97C00A921A2 /* templates */ = {
			isa = PBXGroup;
			children = (
				7AF2210E1880483800AB6DF2 /* pdf_content.mustache */,
			);
			name = templates;
			sourceTree = "<group>";
		};
/* End PBXGroup section */

/* Begin PBXNativeTarget section */
		7A62B68718252C1000A2C1B2 /* Storyboard */ = {
			isa = PBXNativeTarget;
			buildConfigurationList = 7A62B6C618252C1000A2C1B2 /* Build configuration list for PBXNativeTarget "Storyboard" */;
			buildPhases = (
				EE639B6E4F9E441F8FC30B2A /* Check Pods Manifest.lock */,
				7A62B68418252C1000A2C1B2 /* Sources */,
				7A62B68518252C1000A2C1B2 /* Frameworks */,
				7A62B68618252C1000A2C1B2 /* Resources */,
				A23DF07DAE81492DAA17354F /* Copy Pods Resources */,
			);
			buildRules = (
			);
			dependencies = (
			);
			name = Storyboard;
			productName = Storyboard;
			productReference = 7A62B68818252C1000A2C1B2 /* Storyboard.app */;
			productType = "com.apple.product-type.application";
		};
		7A62B6B318252C1000A2C1B2 /* StoryboardTests */ = {
			isa = PBXNativeTarget;
			buildConfigurationList = 7A62B6C918252C1000A2C1B2 /* Build configuration list for PBXNativeTarget "StoryboardTests" */;
			buildPhases = (
				7A62B6B018252C1000A2C1B2 /* Sources */,
				7A62B6B118252C1000A2C1B2 /* Frameworks */,
				7A62B6B218252C1000A2C1B2 /* Resources */,
			);
			buildRules = (
			);
			dependencies = (
				7A62B6BB18252C1000A2C1B2 /* PBXTargetDependency */,
			);
			name = StoryboardTests;
			productName = StoryboardTests;
			productReference = 7A62B6B418252C1000A2C1B2 /* StoryboardTests.xctest */;
			productType = "com.apple.product-type.bundle.unit-test";
		};
/* End PBXNativeTarget section */

/* Begin PBXProject section */
		7A62B68018252C1000A2C1B2 /* Project object */ = {
			isa = PBXProject;
			attributes = {
				CLASSPREFIX = MJU;
				LastUpgradeCheck = 0500;
				ORGANIZATIONNAME = "Martin Juhasz";
				TargetAttributes = {
					7A62B68718252C1000A2C1B2 = {
						DevelopmentTeam = T84PM38UF2;
					};
					7A62B6B318252C1000A2C1B2 = {
						TestTargetID = 7A62B68718252C1000A2C1B2;
					};
				};
			};
			buildConfigurationList = 7A62B68318252C1000A2C1B2 /* Build configuration list for PBXProject "Storyboard" */;
			compatibilityVersion = "Xcode 3.2";
			developmentRegion = English;
			hasScannedForEncodings = 0;
			knownRegions = (
				en,
				Base,
				de,
			);
			mainGroup = 7A62B67F18252C1000A2C1B2;
			productRefGroup = 7A62B68918252C1000A2C1B2 /* Products */;
			projectDirPath = "";
			projectRoot = "";
			targets = (
				7A62B68718252C1000A2C1B2 /* Storyboard */,
				7A62B6B318252C1000A2C1B2 /* StoryboardTests */,
			);
		};
/* End PBXProject section */

/* Begin PBXResourcesBuildPhase section */
		7A62B68618252C1000A2C1B2 /* Resources */ = {
			isa = PBXResourcesBuildPhase;
			buildActionMask = 2147483647;
			files = (
				7AC74CA7184CEEA50020BC23 /* dummyImage.jpg in Resources */,
				7A3F916D18633BF40019D1E0 /* image1.png in Resources */,
				7AA374EF184F3915007309B2 /* Images.xcassets in Resources */,
				7A9C9E97184DD894008B05C6 /* wheel1.png in Resources */,
				7A62B6A418252C1000A2C1B2 /* Main_iPad.storyboard in Resources */,
				7A9C9E99184DD894008B05C6 /* wheel3.png in Resources */,
				7AF2210C1880483800AB6DF2 /* pdf_content.mustache in Resources */,
				7ABEB96718802F3700D92F20 /* Questions_PostProduction.plist in Resources */,
				7A62B6A118252C1000A2C1B2 /* Main_iPhone.storyboard in Resources */,
				7ABEB95F18802D4900D92F20 /* Questions_Parameter.plist in Resources */,
				7A62B69818252C1000A2C1B2 /* InfoPlist.strings in Resources */,
				7AF372B6184E39890098C28D /* EmptyProjectView.xib in Resources */,
				7A95203718352B73002EC307 /* TimePickerView.xib in Resources */,
				7A835F26188041AA002A30AD /* Localizable.strings in Resources */,
				7A9C9E96184DD894008B05C6 /* loading.html in Resources */,
				7ABEB96318802E3D00D92F20 /* Questions_Organisation.plist in Resources */,
				7ABEB95B18802CA500D92F20 /* Questions_Contact.plist in Resources */,
				7A9C9E98184DD894008B05C6 /* wheel2.png in Resources */,
			);
			runOnlyForDeploymentPostprocessing = 0;
		};
		7A62B6B218252C1000A2C1B2 /* Resources */ = {
			isa = PBXResourcesBuildPhase;
			buildActionMask = 2147483647;
			files = (
				7A62B6C118252C1000A2C1B2 /* InfoPlist.strings in Resources */,
			);
			runOnlyForDeploymentPostprocessing = 0;
		};
/* End PBXResourcesBuildPhase section */

/* Begin PBXShellScriptBuildPhase section */
		A23DF07DAE81492DAA17354F /* Copy Pods Resources */ = {
			isa = PBXShellScriptBuildPhase;
			buildActionMask = 2147483647;
			files = (
			);
			inputPaths = (
			);
			name = "Copy Pods Resources";
			outputPaths = (
			);
			runOnlyForDeploymentPostprocessing = 0;
			shellPath = /bin/sh;
			shellScript = "\"${SRCROOT}/Pods/Pods-resources.sh\"\n";
			showEnvVarsInLog = 0;
		};
		EE639B6E4F9E441F8FC30B2A /* Check Pods Manifest.lock */ = {
			isa = PBXShellScriptBuildPhase;
			buildActionMask = 2147483647;
			files = (
			);
			inputPaths = (
			);
			name = "Check Pods Manifest.lock";
			outputPaths = (
			);
			runOnlyForDeploymentPostprocessing = 0;
			shellPath = /bin/sh;
			shellScript = "diff \"${PODS_ROOT}/../Podfile.lock\" \"${PODS_ROOT}/Manifest.lock\" > /dev/null\nif [[ $? != 0 ]] ; then\n    cat << EOM\nerror: The sandbox is not in sync with the Podfile.lock. Run 'pod install' or update your CocoaPods installation.\nEOM\n    exit 1\nfi\n";
			showEnvVarsInLog = 0;
		};
/* End PBXShellScriptBuildPhase section */

/* Begin PBXSourcesBuildPhase section */
		7A62B68418252C1000A2C1B2 /* Sources */ = {
			isa = PBXSourcesBuildPhase;
			buildActionMask = 2147483647;
			files = (
				7A68C05D18265F71004EABD9 /* MJUScene.m in Sources */,
				7A95203B18352C3E002EC307 /* MJUTimeSelectionView.m in Sources */,
				7AAD4D36188948750012D6A8 /* MJUQuestionCategory.m in Sources */,
				7A62B6A718252C1000A2C1B2 /* Storyboard.xcdatamodeld in Sources */,
				7A22304318CC97B000E11035 /* MJUEditQuestionsViewController.m in Sources */,
				7A7BE11818CDC51A001DFC72 /* MJUEditSelectionViewController.m in Sources */,
				7AEEAAA018537403006038DB /* MJUTimePickerViewController.m in Sources */,
				7A9520271834CFC9002EC307 /* MJUHelper.m in Sources */,
				7AC869E318CF1AC4001F81AB /* MJUQuestionSelectionViewController.m in Sources */,
				7A7BE10318CDB654001DFC72 /* MJUTextAnswer.m in Sources */,
				7A22303D18CC8D9900E11035 /* MJUTextInputCell.m in Sources */,
				7A95202D1834D927002EC307 /* UITableView+Additions.m in Sources */,
				7AC869E618CF246F001F81AB /* NSError+Additions.m in Sources */,
				7A62B69A18252C1000A2C1B2 /* main.m in Sources */,
				7AAD4D3C188948750012D6A8 /* MJUQuestionSection.m in Sources */,
				7A7BE10C18CDB655001DFC72 /* MJUTextQuestion.m in Sources */,
				7A524374185B6B1A0055D40A /* MJUImagePickerController.m in Sources */,
				7A22304018CC925500E11035 /* MJUEditSectionsViewController.m in Sources */,
				7AE4CEF3185255DC00FCEF1C /* MJUSplitViewController.m in Sources */,
				7AEFB699182D261800315686 /* MJUAddProjectViewController.m in Sources */,
				7AB63F9918312BDB009C3948 /* MJUSceneCell.m in Sources */,
				7A62B69E18252C1000A2C1B2 /* MJUAppDelegate.m in Sources */,
				7A7BE11518CDB655001DFC72 /* MJUSelectable.m in Sources */,
				7AD16B52182FA0C600201465 /* MJUTextInputViewController.m in Sources */,
				7A018B1B18560747004E5657 /* MJUTableHeaderView.m in Sources */,
				7AB7B158185CB9C800BF9CEC /* MJUTextViewCell.m in Sources */,
				7A95202A1834D5F3002EC307 /* UIColor+Additions.m in Sources */,
				7A7BE10618CDB655001DFC72 /* MJUSelectableAnswer.m in Sources */,
				7ADC3D52184CCD4600DABBE5 /* MJUPDFViewController.m in Sources */,
				7A3639BC1827CB1C00B7307B /* MJUSceneViewController.m in Sources */,
				7A62B6D618253EA500A2C1B2 /* MJUProject.m in Sources */,
				7A018B181855E5CD004E5657 /* MJUSpacedTableViewCell.m in Sources */,
				7AC4A0221837B4030027BEAB /* MJUQuestionCell.m in Sources */,
				7A7BE11218CDB655001DFC72 /* MJUQuestion.m in Sources */,
				7AEFB6A0182D2EF400315686 /* NSString+Additions.m in Sources */,
				7A7BE10918CDB655001DFC72 /* MJUAnswer.m in Sources */,
				7A62B6D2182539CC00A2C1B2 /* MJUProjectsDataModel.m in Sources */,
				7A68C04D18264DCD004EABD9 /* MJUProjectViewController.m in Sources */,
				7A435866182CF40300534588 /* MJUScenesTableViewController.m in Sources */,
				7A195C4C183E086C00E2F944 /* MJUPDFGenerator.m in Sources */,
				7A68C05A18265F70004EABD9 /* MJUSceneImage.m in Sources */,
				7A3F916B186338410019D1E0 /* MJUPDFImageURLProtocol.m in Sources */,
				7A7BE10F18CDB655001DFC72 /* MJUSelectableQuestion.m in Sources */,
				7AAD4D4818894C570012D6A8 /* MJUTitleInputViewController.m in Sources */,
				7AAD4D2D188941D60012D6A8 /* MJUEditCategoriesTableViewController.m in Sources */,
				7AC4A00F183788D10027BEAB /* MJUQuestionsViewController.m in Sources */,
				7A9520321834E52D002EC307 /* MJUProjectCell.m in Sources */,
				7A41CF46183B68180059B727 /* UILabel+Additions.m in Sources */,
				7A435863182CEE4200534588 /* MJUProjectsTableViewController.m in Sources */,
			);
			runOnlyForDeploymentPostprocessing = 0;
		};
		7A62B6B018252C1000A2C1B2 /* Sources */ = {
			isa = PBXSourcesBuildPhase;
			buildActionMask = 2147483647;
			files = (
				7A62B6C318252C1000A2C1B2 /* StoryboardTests.m in Sources */,
			);
			runOnlyForDeploymentPostprocessing = 0;
		};
/* End PBXSourcesBuildPhase section */

/* Begin PBXTargetDependency section */
		7A62B6BB18252C1000A2C1B2 /* PBXTargetDependency */ = {
			isa = PBXTargetDependency;
			target = 7A62B68718252C1000A2C1B2 /* Storyboard */;
			targetProxy = 7A62B6BA18252C1000A2C1B2 /* PBXContainerItemProxy */;
		};
/* End PBXTargetDependency section */

/* Begin PBXVariantGroup section */
		7A62B69618252C1000A2C1B2 /* InfoPlist.strings */ = {
			isa = PBXVariantGroup;
			children = (
				7AF372B4184E39750098C28D /* de */,
			);
			name = InfoPlist.strings;
			sourceTree = "<group>";
		};
		7A62B69F18252C1000A2C1B2 /* Main_iPhone.storyboard */ = {
			isa = PBXVariantGroup;
			children = (
				7A62B6A018252C1000A2C1B2 /* Base */,
				7ABEB972188037E300D92F20 /* de */,
			);
			name = Main_iPhone.storyboard;
			sourceTree = "<group>";
		};
		7A62B6A218252C1000A2C1B2 /* Main_iPad.storyboard */ = {
			isa = PBXVariantGroup;
			children = (
				7A62B6A318252C1000A2C1B2 /* Base */,
				7ABEB9701880377300D92F20 /* de */,
			);
			name = Main_iPad.storyboard;
			sourceTree = "<group>";
		};
		7A62B6BF18252C1000A2C1B2 /* InfoPlist.strings */ = {
			isa = PBXVariantGroup;
			children = (
				7AF372B5184E39750098C28D /* de */,
			);
			name = InfoPlist.strings;
			sourceTree = "<group>";
		};
		7A835F24188041A7002A30AD /* Localizable.strings */ = {
			isa = PBXVariantGroup;
			children = (
				7A835F25188041A7002A30AD /* de */,
			);
			name = Localizable.strings;
			sourceTree = "<group>";
		};
		7ABEB95D18802CA500D92F20 /* Questions_Contact.plist */ = {
			isa = PBXVariantGroup;
			children = (
				7ABEB95C18802CA500D92F20 /* Base */,
				7ABEB95E18802CAD00D92F20 /* de */,
			);
			name = Questions_Contact.plist;
			sourceTree = "<group>";
		};
		7ABEB96118802D4900D92F20 /* Questions_Parameter.plist */ = {
			isa = PBXVariantGroup;
			children = (
				7ABEB96018802D4900D92F20 /* Base */,
				7ABEB96218802D4E00D92F20 /* de */,
			);
			name = Questions_Parameter.plist;
			sourceTree = "<group>";
		};
		7ABEB96518802E3D00D92F20 /* Questions_Organisation.plist */ = {
			isa = PBXVariantGroup;
			children = (
				7ABEB96418802E3D00D92F20 /* Base */,
				7ABEB96618802E4100D92F20 /* de */,
			);
			name = Questions_Organisation.plist;
			sourceTree = "<group>";
		};
		7ABEB96918802F3700D92F20 /* Questions_PostProduction.plist */ = {
			isa = PBXVariantGroup;
			children = (
				7ABEB96818802F3700D92F20 /* Base */,
				7ABEB96A18802F3A00D92F20 /* de */,
			);
			name = Questions_PostProduction.plist;
			sourceTree = "<group>";
		};
		7AF2210E1880483800AB6DF2 /* pdf_content.mustache */ = {
			isa = PBXVariantGroup;
			children = (
				7AF2210D1880483800AB6DF2 /* Base */,
				7AF2210F1880483A00AB6DF2 /* de */,
			);
			name = pdf_content.mustache;
			sourceTree = "<group>";
		};
		7AF372B8184E39890098C28D /* EmptyProjectView.xib */ = {
			isa = PBXVariantGroup;
			children = (
				7AF372B7184E39890098C28D /* Base */,
				7ABEB96D1880342700D92F20 /* de */,
			);
			name = EmptyProjectView.xib;
			sourceTree = "<group>";
		};
/* End PBXVariantGroup section */

/* Begin XCBuildConfiguration section */
		7A62B6C418252C1000A2C1B2 /* Debug */ = {
			isa = XCBuildConfiguration;
			buildSettings = {
				ALWAYS_SEARCH_USER_PATHS = NO;
				ARCHS = "$(ARCHS_STANDARD_INCLUDING_64_BIT)";
				CLANG_CXX_LANGUAGE_STANDARD = "gnu++0x";
				CLANG_CXX_LIBRARY = "libc++";
				CLANG_ENABLE_MODULES = YES;
				CLANG_ENABLE_OBJC_ARC = YES;
				CLANG_WARN_BOOL_CONVERSION = YES;
				CLANG_WARN_CONSTANT_CONVERSION = YES;
				CLANG_WARN_DIRECT_OBJC_ISA_USAGE = YES_ERROR;
				CLANG_WARN_EMPTY_BODY = YES;
				CLANG_WARN_ENUM_CONVERSION = YES;
				CLANG_WARN_INT_CONVERSION = YES;
				CLANG_WARN_OBJC_ROOT_CLASS = YES_ERROR;
				CLANG_WARN__DUPLICATE_METHOD_MATCH = YES;
				"CODE_SIGN_IDENTITY[sdk=iphoneos*]" = "iPhone Developer";
				COPY_PHASE_STRIP = NO;
				GCC_C_LANGUAGE_STANDARD = gnu99;
				GCC_DYNAMIC_NO_PIC = NO;
				GCC_OPTIMIZATION_LEVEL = 0;
				GCC_PREPROCESSOR_DEFINITIONS = (
					"DEBUG=1",
					"$(inherited)",
				);
				GCC_SYMBOLS_PRIVATE_EXTERN = NO;
				GCC_WARN_64_TO_32_BIT_CONVERSION = YES;
				GCC_WARN_ABOUT_RETURN_TYPE = YES_ERROR;
				GCC_WARN_UNDECLARED_SELECTOR = YES;
				GCC_WARN_UNINITIALIZED_AUTOS = YES;
				GCC_WARN_UNUSED_FUNCTION = YES;
				GCC_WARN_UNUSED_VARIABLE = YES;
				IPHONEOS_DEPLOYMENT_TARGET = 7.0;
				ONLY_ACTIVE_ARCH = YES;
				SDKROOT = iphoneos;
				TARGETED_DEVICE_FAMILY = "1,2";
			};
			name = Debug;
		};
		7A62B6C518252C1000A2C1B2 /* Release */ = {
			isa = XCBuildConfiguration;
			buildSettings = {
				ALWAYS_SEARCH_USER_PATHS = NO;
				ARCHS = "$(ARCHS_STANDARD_INCLUDING_64_BIT)";
				CLANG_CXX_LANGUAGE_STANDARD = "gnu++0x";
				CLANG_CXX_LIBRARY = "libc++";
				CLANG_ENABLE_MODULES = YES;
				CLANG_ENABLE_OBJC_ARC = YES;
				CLANG_WARN_BOOL_CONVERSION = YES;
				CLANG_WARN_CONSTANT_CONVERSION = YES;
				CLANG_WARN_DIRECT_OBJC_ISA_USAGE = YES_ERROR;
				CLANG_WARN_EMPTY_BODY = YES;
				CLANG_WARN_ENUM_CONVERSION = YES;
				CLANG_WARN_INT_CONVERSION = YES;
				CLANG_WARN_OBJC_ROOT_CLASS = YES_ERROR;
				CLANG_WARN__DUPLICATE_METHOD_MATCH = YES;
				"CODE_SIGN_IDENTITY[sdk=iphoneos*]" = "iPhone Developer";
				COPY_PHASE_STRIP = YES;
				ENABLE_NS_ASSERTIONS = NO;
				GCC_C_LANGUAGE_STANDARD = gnu99;
				GCC_WARN_64_TO_32_BIT_CONVERSION = YES;
				GCC_WARN_ABOUT_RETURN_TYPE = YES_ERROR;
				GCC_WARN_UNDECLARED_SELECTOR = YES;
				GCC_WARN_UNINITIALIZED_AUTOS = YES;
				GCC_WARN_UNUSED_FUNCTION = YES;
				GCC_WARN_UNUSED_VARIABLE = YES;
				IPHONEOS_DEPLOYMENT_TARGET = 7.0;
				SDKROOT = iphoneos;
				TARGETED_DEVICE_FAMILY = "1,2";
				VALIDATE_PRODUCT = YES;
			};
			name = Release;
		};
		7A62B6C718252C1000A2C1B2 /* Debug */ = {
			isa = XCBuildConfiguration;
			baseConfigurationReference = E712C88D0B244666A07D6027 /* Pods.xcconfig */;
			buildSettings = {
				ASSETCATALOG_COMPILER_APPICON_NAME = AppIcon;
				ASSETCATALOG_COMPILER_LAUNCHIMAGE_NAME = LaunchImage;
				CODE_SIGN_IDENTITY = "iPhone Developer";
				"CODE_SIGN_IDENTITY[sdk=iphoneos*]" = "iPhone Developer";
				GCC_PRECOMPILE_PREFIX_HEADER = YES;
				GCC_PREFIX_HEADER = "Storyboard/Storyboard-Prefix.pch";
				INFOPLIST_FILE = "Storyboard/Storyboard-Info.plist";
				PRODUCT_NAME = "$(TARGET_NAME)";
				PROVISIONING_PROFILE = "";
				WRAPPER_EXTENSION = app;
			};
			name = Debug;
		};
		7A62B6C818252C1000A2C1B2 /* Release */ = {
			isa = XCBuildConfiguration;
			baseConfigurationReference = E712C88D0B244666A07D6027 /* Pods.xcconfig */;
			buildSettings = {
				ASSETCATALOG_COMPILER_APPICON_NAME = AppIcon;
				ASSETCATALOG_COMPILER_LAUNCHIMAGE_NAME = LaunchImage;
				CODE_SIGN_IDENTITY = "iPhone Distribution";
				"CODE_SIGN_IDENTITY[sdk=iphoneos*]" = "iPhone Distribution";
				GCC_PRECOMPILE_PREFIX_HEADER = YES;
				GCC_PREFIX_HEADER = "Storyboard/Storyboard-Prefix.pch";
				INFOPLIST_FILE = "Storyboard/Storyboard-Info.plist";
				PRODUCT_NAME = "$(TARGET_NAME)";
				PROVISIONING_PROFILE = "FB73DB8F-148E-4985-8018-B54A0AA979E5";
				WRAPPER_EXTENSION = app;
			};
			name = Release;
		};
		7A62B6CA18252C1000A2C1B2 /* Debug */ = {
			isa = XCBuildConfiguration;
			buildSettings = {
				ARCHS = "$(ARCHS_STANDARD_INCLUDING_64_BIT)";
				BUNDLE_LOADER = "$(BUILT_PRODUCTS_DIR)/Storyboard.app/Storyboard";
				FRAMEWORK_SEARCH_PATHS = (
					"$(SDKROOT)/Developer/Library/Frameworks",
					"$(inherited)",
					"$(DEVELOPER_FRAMEWORKS_DIR)",
				);
				GCC_PRECOMPILE_PREFIX_HEADER = YES;
				GCC_PREFIX_HEADER = "Storyboard/Storyboard-Prefix.pch";
				GCC_PREPROCESSOR_DEFINITIONS = (
					"DEBUG=1",
					"$(inherited)",
				);
				INFOPLIST_FILE = "StoryboardTests/StoryboardTests-Info.plist";
				PRODUCT_NAME = "$(TARGET_NAME)";
				TEST_HOST = "$(BUNDLE_LOADER)";
				WRAPPER_EXTENSION = xctest;
			};
			name = Debug;
		};
		7A62B6CB18252C1000A2C1B2 /* Release */ = {
			isa = XCBuildConfiguration;
			buildSettings = {
				ARCHS = "$(ARCHS_STANDARD_INCLUDING_64_BIT)";
				BUNDLE_LOADER = "$(BUILT_PRODUCTS_DIR)/Storyboard.app/Storyboard";
				FRAMEWORK_SEARCH_PATHS = (
					"$(SDKROOT)/Developer/Library/Frameworks",
					"$(inherited)",
					"$(DEVELOPER_FRAMEWORKS_DIR)",
				);
				GCC_PRECOMPILE_PREFIX_HEADER = YES;
				GCC_PREFIX_HEADER = "Storyboard/Storyboard-Prefix.pch";
				INFOPLIST_FILE = "StoryboardTests/StoryboardTests-Info.plist";
				PRODUCT_NAME = "$(TARGET_NAME)";
				TEST_HOST = "$(BUNDLE_LOADER)";
				WRAPPER_EXTENSION = xctest;
			};
			name = Release;
		};
/* End XCBuildConfiguration section */

/* Begin XCConfigurationList section */
		7A62B68318252C1000A2C1B2 /* Build configuration list for PBXProject "Storyboard" */ = {
			isa = XCConfigurationList;
			buildConfigurations = (
				7A62B6C418252C1000A2C1B2 /* Debug */,
				7A62B6C518252C1000A2C1B2 /* Release */,
			);
			defaultConfigurationIsVisible = 0;
			defaultConfigurationName = Release;
		};
		7A62B6C618252C1000A2C1B2 /* Build configuration list for PBXNativeTarget "Storyboard" */ = {
			isa = XCConfigurationList;
			buildConfigurations = (
				7A62B6C718252C1000A2C1B2 /* Debug */,
				7A62B6C818252C1000A2C1B2 /* Release */,
			);
			defaultConfigurationIsVisible = 0;
			defaultConfigurationName = Release;
		};
		7A62B6C918252C1000A2C1B2 /* Build configuration list for PBXNativeTarget "StoryboardTests" */ = {
			isa = XCConfigurationList;
			buildConfigurations = (
				7A62B6CA18252C1000A2C1B2 /* Debug */,
				7A62B6CB18252C1000A2C1B2 /* Release */,
			);
			defaultConfigurationIsVisible = 0;
			defaultConfigurationName = Release;
		};
/* End XCConfigurationList section */

/* Begin XCVersionGroup section */
		7A62B6A518252C1000A2C1B2 /* Storyboard.xcdatamodeld */ = {
			isa = XCVersionGroup;
			children = (
				7A62B6A618252C1000A2C1B2 /* Storyboard.xcdatamodel */,
			);
			currentVersion = 7A62B6A618252C1000A2C1B2 /* Storyboard.xcdatamodel */;
			path = Storyboard.xcdatamodeld;
			sourceTree = "<group>";
			versionGroupType = wrapper.xcdatamodel;
		};
/* End XCVersionGroup section */
	};
	rootObject = 7A62B68018252C1000A2C1B2 /* Project object */;
}
